
Microsoft Visual Studio Solution File, Format Version 12.00
# Visual Studio Version 17
VisualStudioVersion = 17.7.34031.279
MinimumVisualStudioVersion = 10.0.40219.1
Project("{FAE04EC0-301F-11D3-BF4B-00C04F79EFBC}") = "PhaseEndProject1", "PhaseEndProject1\PhaseEndProject1.csproj", "{E278595D-F623-44E9-830E-A82FD6391C58}"
EndProject
Project("{FAE04EC0-301F-11D3-BF4B-00C04F79EFBC}") = "Bussinesslayer", "Bussinesslayer\Bussinesslayer.csproj", "{608E2703-69CC-4159-A324-548F5E5C0364}"
EndProject
Project("{FAE04EC0-301F-11D3-BF4B-00C04F79EFBC}") = "DataAccesslayer", "DataAccesslayer\DataAccesslayer.csproj", "{9BD029E4-79C3-41B9-A796-603CA3C0D9F2}"
EndProject
Global
	GlobalSection(SolutionConfigurationPlatforms) = preSolution
		Debug|Any CPU = Debug|Any CPU
		Release|Any CPU = Release|Any CPU
	EndGlobalSection
	GlobalSection(ProjectConfigurationPlatforms) = postSolution
		{E278595D-F623-44E9-830E-A82FD6391C58}.Debug|Any CPU.ActiveCfg = Debug|Any CPU
		{E278595D-F623-44E9-830E-A82FD6391C58}.Debug|Any CPU.Build.0 = Debug|Any CPU
		{E278595D-F623-44E9-830E-A82FD6391C58}.Release|Any CPU.ActiveCfg = Release|Any CPU
		{E278595D-F623-44E9-830E-A82FD6391C58}.Release|Any CPU.Build.0 = Release|Any CPU
		{608E2703-69CC-4159-A324-548F5E5C0364}.Debug|Any CPU.ActiveCfg = Debug|Any CPU
		{608E2703-69CC-4159-A324-548F5E5C0364}.Debug|Any CPU.Build.0 = Debug|Any CPU
		{608E2703-69CC-4159-A324-548F5E5C0364}.Release|Any CPU.ActiveCfg = Release|Any CPU
		{608E2703-69CC-4159-A324-548F5E5C0364}.Release|Any CPU.Build.0 = Release|Any CPU
		{9BD029E4-79C3-41B9-A796-603CA3C0D9F2}.Debug|Any CPU.ActiveCfg = Debug|Any CPU
		{9BD029E4-79C3-41B9-A796-603CA3C0D9F2}.Debug|Any CPU.Build.0 = Debug|Any CPU
		{9BD029E4-79C3-41B9-A796-603CA3C0D9F2}.Release|Any CPU.ActiveCfg = Release|Any CPU
		{9BD029E4-79C3-41B9-A796-603CA3C0D9F2}.Release|Any CPU.Build.0 = Release|Any CPU
	EndGlobalSection
	GlobalSection(SolutionProperties) = preSolution
		HideSolutionNode = FALSE
	EndGlobalSection
	GlobalSection(ExtensibilityGlobals) = postSolution
		SolutionGuid = {88F235C4-D9F2-40AF-83B5-9A27C6B6637B}
	EndGlobalSection
EndGlobal
